
Microsoft Visual Studio Solution File, Format Version 12.00
# Visual Studio Version 16
VisualStudioVersion = 16.0.30413.136
MinimumVisualStudioVersion = 10.0.40219.1
Project("{FAE04EC0-301F-11D3-BF4B-00C04F79EFBC}") = "C1_WriteLine", "C1_WriteLine\C1_WriteLine.csproj", "{EE26DCA6-5468-4181-A2AA-9528F8EF0185}"
EndProject
Project("{FAE04EC0-301F-11D3-BF4B-00C04F79EFBC}") = "C2_ReadLine", "C2_ReadLine\C2_ReadLine.csproj", "{ECED0762-7166-493A-B154-9F70E669A144}"
EndProject
Project("{FAE04EC0-301F-11D3-BF4B-00C04F79EFBC}") = "C3_WithAClass", "C3_WithAClass\C3_WithAClass.csproj", "{33053529-2E90-4885-8E0B-D472F7A7F91A}"
EndProject
Project("{FAE04EC0-301F-11D3-BF4B-00C04F79EFBC}") = "C4_WithMethods", "C4_WithMethods\C4_WithMethods.csproj", "{5BB673CE-BF76-4255-A38D-3F97C341E2C8}"
EndProject
Project("{FAE04EC0-301F-11D3-BF4B-00C04F79EFBC}") = "C5_WithAgeCalculation", "C5_WithAgeCalculation\C5_WithAgeCalculation.csproj", "{F2792967-4CCB-41E0-B2BE-DA55A922BA99}"
EndProject
Global
	GlobalSection(SolutionConfigurationPlatforms) = preSolution
		Debug|Any CPU = Debug|Any CPU
		Release|Any CPU = Release|Any CPU
	EndGlobalSection
	GlobalSection(ProjectConfigurationPlatforms) = postSolution
		{EE26DCA6-5468-4181-A2AA-9528F8EF0185}.Debug|Any CPU.ActiveCfg = Debug|Any CPU
		{EE26DCA6-5468-4181-A2AA-9528F8EF0185}.Debug|Any CPU.Build.0 = Debug|Any CPU
		{EE26DCA6-5468-4181-A2AA-9528F8EF0185}.Release|Any CPU.ActiveCfg = Release|Any CPU
		{EE26DCA6-5468-4181-A2AA-9528F8EF0185}.Release|Any CPU.Build.0 = Release|Any CPU
		{ECED0762-7166-493A-B154-9F70E669A144}.Debug|Any CPU.ActiveCfg = Debug|Any CPU
		{ECED0762-7166-493A-B154-9F70E669A144}.Debug|Any CPU.Build.0 = Debug|Any CPU
		{ECED0762-7166-493A-B154-9F70E669A144}.Release|Any CPU.ActiveCfg = Release|Any CPU
		{ECED0762-7166-493A-B154-9F70E669A144}.Release|Any CPU.Build.0 = Release|Any CPU
		{33053529-2E90-4885-8E0B-D472F7A7F91A}.Debug|Any CPU.ActiveCfg = Debug|Any CPU
		{33053529-2E90-4885-8E0B-D472F7A7F91A}.Debug|Any CPU.Build.0 = Debug|Any CPU
		{33053529-2E90-4885-8E0B-D472F7A7F91A}.Release|Any CPU.ActiveCfg = Release|Any CPU
		{33053529-2E90-4885-8E0B-D472F7A7F91A}.Release|Any CPU.Build.0 = Release|Any CPU
		{5BB673CE-BF76-4255-A38D-3F97C341E2C8}.Debug|Any CPU.ActiveCfg = Debug|Any CPU
		{5BB673CE-BF76-4255-A38D-3F97C341E2C8}.Debug|Any CPU.Build.0 = Debug|Any CPU
		{5BB673CE-BF76-4255-A38D-3F97C341E2C8}.Release|Any CPU.ActiveCfg = Release|Any CPU
		{5BB673CE-BF76-4255-A38D-3F97C341E2C8}.Release|Any CPU.Build.0 = Release|Any CPU
		{F2792967-4CCB-41E0-B2BE-DA55A922BA99}.Debug|Any CPU.ActiveCfg = Debug|Any CPU
		{F2792967-4CCB-41E0-B2BE-DA55A922BA99}.Debug|Any CPU.Build.0 = Debug|Any CPU
		{F2792967-4CCB-41E0-B2BE-DA55A922BA99}.Release|Any CPU.ActiveCfg = Release|Any CPU
		{F2792967-4CCB-41E0-B2BE-DA55A922BA99}.Release|Any CPU.Build.0 = Release|Any CPU
	EndGlobalSection
	GlobalSection(SolutionProperties) = preSolution
		HideSolutionNode = FALSE
	EndGlobalSection
	GlobalSection(ExtensibilityGlobals) = postSolution
		SolutionGuid = {87C22D1F-760A-40ED-80AE-1D8D15091AB5}
	EndGlobalSection
EndGlobal
