
Microsoft Visual Studio Solution File, Format Version 12.00
# Visual Studio Version 16
VisualStudioVersion = 16.0.30413.136
MinimumVisualStudioVersion = 10.0.40219.1
Project("{9A19103F-16F7-4668-BE54-9A1E7A4F7556}") = "C1_WriteLine", "C1_WriteLine\C1_WriteLine.csproj", "{EE26DCA6-5468-4181-A2AA-9528F8EF0185}"
EndProject
Project("{9A19103F-16F7-4668-BE54-9A1E7A4F7556}") = "C2_ReadLine", "C2_ReadLine\C2_ReadLine.csproj", "{ECED0762-7166-493A-B154-9F70E669A144}"
EndProject
Project("{9A19103F-16F7-4668-BE54-9A1E7A4F7556}") = "C3_WithAClass", "C3_WithAClass\C3_WithAClass.csproj", "{33053529-2E90-4885-8E0B-D472F7A7F91A}"
EndProject
Project("{9A19103F-16F7-4668-BE54-9A1E7A4F7556}") = "C4_WithMethods", "C4_WithMethods\C4_WithMethods.csproj", "{5BB673CE-BF76-4255-A38D-3F97C341E2C8}"
EndProject
Project("{9A19103F-16F7-4668-BE54-9A1E7A4F7556}") = "C5_WithAgeCalculation", "C5_WithAgeCalculation\C5_WithAgeCalculation.csproj", "{F2792967-4CCB-41E0-B2BE-DA55A922BA99}"
EndProject
Project("{9A19103F-16F7-4668-BE54-9A1E7A4F7556}") = "C6_GettersAndSetters", "C6_GettersAndSetters\C6_GettersAndSetters.csproj", "{0F9161A4-CD25-4B44-9903-AB517112800D}"
EndProject
Project("{9A19103F-16F7-4668-BE54-9A1E7A4F7556}") = "C7_GettersAndSettersV2", "C7_GettersAndSettersV2\C7_GettersAndSettersV2.csproj", "{81FAA60F-0305-40D4-8948-4352FA96AC5D}"
EndProject
Project("{9A19103F-16F7-4668-BE54-9A1E7A4F7556}") = "C8_Arrays", "C8_Arrays\C8_Arrays.csproj", "{BA571CBD-B504-4F4B-93F3-C6467C4B0D05}"
EndProject
Project("{9A19103F-16F7-4668-BE54-9A1E7A4F7556}") = "C9_Lists", "C9_Lists\C9_Lists.csproj", "{2791B2CB-4834-481A-9F94-46BE9DC23BA5}"
EndProject
Project("{9A19103F-16F7-4668-BE54-9A1E7A4F7556}") = "C10_Struct", "C10_Struct\C10_Struct.csproj", "{F8742DCB-2417-4E37-BF28-2F886312E831}"
EndProject
Project("{9A19103F-16F7-4668-BE54-9A1E7A4F7556}") = "C11_Enum", "C11_Enum\C11_Enum.csproj", "{A3EBF60E-C9C4-4EE9-9664-62BD80B4D4F5}"
EndProject
Project("{9A19103F-16F7-4668-BE54-9A1E7A4F7556}") = "C12_Interfaces_1", "C12_Interfaces_1\C12_Interfaces_1.csproj", "{CD270B1C-7AC8-46C1-89C3-65A298B7E023}"
EndProject
Project("{9A19103F-16F7-4668-BE54-9A1E7A4F7556}") = "C13_Interfaces_2", "C13_Interfaces_2\C13_Interfaces_2.csproj", "{ED1C82D4-D03C-4301-9630-9605069AF53F}"
EndProject
Project("{9A19103F-16F7-4668-BE54-9A1E7A4F7556}") = "C14_Abstract_1", "C14_Abstract_1\C14_Abstract_1.csproj", "{CA6B2532-8A78-4194-85DE-F82AEF6543E0}"
EndProject
Project("{9A19103F-16F7-4668-BE54-9A1E7A4F7556}") = "C15_Abstract_2", "C14_Abstract_2\C15_Abstract_2.csproj", "{F3EFCF66-BE48-4A06-A8D6-9D727C3A679F}"
EndProject
Project("{FAE04EC0-301F-11D3-BF4B-00C04F79EFBC}") = "UWP1_AsyncAwait", "UWP1_AsyncAwait\UWP1_AsyncAwait.csproj", "{B2B1A4B6-3B90-4CFE-9EB4-E3EE664960AF}"
EndProject
Project("{9A19103F-16F7-4668-BE54-9A1E7A4F7556}") = "C16_WorkerService", "C16_WorkerService\C16_WorkerService.csproj", "{AB5E6E31-14F9-4564-BF71-41E749020762}"
EndProject
Project("{9A19103F-16F7-4668-BE54-9A1E7A4F7556}") = "WINFORM1_ContactList", "WINFORM1_ContactList\WINFORM1_ContactList.csproj", "{36DC7E4F-5FEE-42BE-BE78-BCA5E7A6CBEF}"
EndProject
Project("{9A19103F-16F7-4668-BE54-9A1E7A4F7556}") = "WPF1_ContactList", "WPF1_ContactList\WPF1_ContactList.csproj", "{5E9503EE-A1B6-43E6-ADED-74BDE3881724}"
EndProject
Project("{FAE04EC0-301F-11D3-BF4B-00C04F79EFBC}") = "WPF2_DesignView", "WPF2_DesignView\WPF2_DesignView.csproj", "{D905B88E-2A0F-4AA4-A3C2-7CA3B7D7B69D}"
EndProject
Project("{FAE04EC0-301F-11D3-BF4B-00C04F79EFBC}") = "WPF3_CustomControl", "WPF3_CustomControl\WPF3_CustomControl.csproj", "{479AEEB0-870F-4033-B55A-EEC4D0DCFD55}"
EndProject
Global
	GlobalSection(SolutionConfigurationPlatforms) = preSolution
		Debug|Any CPU = Debug|Any CPU
		Debug|ARM = Debug|ARM
		Debug|ARM64 = Debug|ARM64
		Debug|x64 = Debug|x64
		Debug|x86 = Debug|x86
		Release|Any CPU = Release|Any CPU
		Release|ARM = Release|ARM
		Release|ARM64 = Release|ARM64
		Release|x64 = Release|x64
		Release|x86 = Release|x86
	EndGlobalSection
	GlobalSection(ProjectConfigurationPlatforms) = postSolution
		{EE26DCA6-5468-4181-A2AA-9528F8EF0185}.Debug|Any CPU.ActiveCfg = Debug|Any CPU
		{EE26DCA6-5468-4181-A2AA-9528F8EF0185}.Debug|Any CPU.Build.0 = Debug|Any CPU
		{EE26DCA6-5468-4181-A2AA-9528F8EF0185}.Debug|ARM.ActiveCfg = Debug|Any CPU
		{EE26DCA6-5468-4181-A2AA-9528F8EF0185}.Debug|ARM.Build.0 = Debug|Any CPU
		{EE26DCA6-5468-4181-A2AA-9528F8EF0185}.Debug|ARM64.ActiveCfg = Debug|Any CPU
		{EE26DCA6-5468-4181-A2AA-9528F8EF0185}.Debug|ARM64.Build.0 = Debug|Any CPU
		{EE26DCA6-5468-4181-A2AA-9528F8EF0185}.Debug|x64.ActiveCfg = Debug|Any CPU
		{EE26DCA6-5468-4181-A2AA-9528F8EF0185}.Debug|x64.Build.0 = Debug|Any CPU
		{EE26DCA6-5468-4181-A2AA-9528F8EF0185}.Debug|x86.ActiveCfg = Debug|Any CPU
		{EE26DCA6-5468-4181-A2AA-9528F8EF0185}.Debug|x86.Build.0 = Debug|Any CPU
		{EE26DCA6-5468-4181-A2AA-9528F8EF0185}.Release|Any CPU.ActiveCfg = Release|Any CPU
		{EE26DCA6-5468-4181-A2AA-9528F8EF0185}.Release|Any CPU.Build.0 = Release|Any CPU
		{EE26DCA6-5468-4181-A2AA-9528F8EF0185}.Release|ARM.ActiveCfg = Release|Any CPU
		{EE26DCA6-5468-4181-A2AA-9528F8EF0185}.Release|ARM.Build.0 = Release|Any CPU
		{EE26DCA6-5468-4181-A2AA-9528F8EF0185}.Release|ARM64.ActiveCfg = Release|Any CPU
		{EE26DCA6-5468-4181-A2AA-9528F8EF0185}.Release|ARM64.Build.0 = Release|Any CPU
		{EE26DCA6-5468-4181-A2AA-9528F8EF0185}.Release|x64.ActiveCfg = Release|Any CPU
		{EE26DCA6-5468-4181-A2AA-9528F8EF0185}.Release|x64.Build.0 = Release|Any CPU
		{EE26DCA6-5468-4181-A2AA-9528F8EF0185}.Release|x86.ActiveCfg = Release|Any CPU
		{EE26DCA6-5468-4181-A2AA-9528F8EF0185}.Release|x86.Build.0 = Release|Any CPU
		{ECED0762-7166-493A-B154-9F70E669A144}.Debug|Any CPU.ActiveCfg = Debug|Any CPU
		{ECED0762-7166-493A-B154-9F70E669A144}.Debug|Any CPU.Build.0 = Debug|Any CPU
		{ECED0762-7166-493A-B154-9F70E669A144}.Debug|ARM.ActiveCfg = Debug|Any CPU
		{ECED0762-7166-493A-B154-9F70E669A144}.Debug|ARM.Build.0 = Debug|Any CPU
		{ECED0762-7166-493A-B154-9F70E669A144}.Debug|ARM64.ActiveCfg = Debug|Any CPU
		{ECED0762-7166-493A-B154-9F70E669A144}.Debug|ARM64.Build.0 = Debug|Any CPU
		{ECED0762-7166-493A-B154-9F70E669A144}.Debug|x64.ActiveCfg = Debug|Any CPU
		{ECED0762-7166-493A-B154-9F70E669A144}.Debug|x64.Build.0 = Debug|Any CPU
		{ECED0762-7166-493A-B154-9F70E669A144}.Debug|x86.ActiveCfg = Debug|Any CPU
		{ECED0762-7166-493A-B154-9F70E669A144}.Debug|x86.Build.0 = Debug|Any CPU
		{ECED0762-7166-493A-B154-9F70E669A144}.Release|Any CPU.ActiveCfg = Release|Any CPU
		{ECED0762-7166-493A-B154-9F70E669A144}.Release|Any CPU.Build.0 = Release|Any CPU
		{ECED0762-7166-493A-B154-9F70E669A144}.Release|ARM.ActiveCfg = Release|Any CPU
		{ECED0762-7166-493A-B154-9F70E669A144}.Release|ARM.Build.0 = Release|Any CPU
		{ECED0762-7166-493A-B154-9F70E669A144}.Release|ARM64.ActiveCfg = Release|Any CPU
		{ECED0762-7166-493A-B154-9F70E669A144}.Release|ARM64.Build.0 = Release|Any CPU
		{ECED0762-7166-493A-B154-9F70E669A144}.Release|x64.ActiveCfg = Release|Any CPU
		{ECED0762-7166-493A-B154-9F70E669A144}.Release|x64.Build.0 = Release|Any CPU
		{ECED0762-7166-493A-B154-9F70E669A144}.Release|x86.ActiveCfg = Release|Any CPU
		{ECED0762-7166-493A-B154-9F70E669A144}.Release|x86.Build.0 = Release|Any CPU
		{33053529-2E90-4885-8E0B-D472F7A7F91A}.Debug|Any CPU.ActiveCfg = Debug|Any CPU
		{33053529-2E90-4885-8E0B-D472F7A7F91A}.Debug|Any CPU.Build.0 = Debug|Any CPU
		{33053529-2E90-4885-8E0B-D472F7A7F91A}.Debug|ARM.ActiveCfg = Debug|Any CPU
		{33053529-2E90-4885-8E0B-D472F7A7F91A}.Debug|ARM.Build.0 = Debug|Any CPU
		{33053529-2E90-4885-8E0B-D472F7A7F91A}.Debug|ARM64.ActiveCfg = Debug|Any CPU
		{33053529-2E90-4885-8E0B-D472F7A7F91A}.Debug|ARM64.Build.0 = Debug|Any CPU
		{33053529-2E90-4885-8E0B-D472F7A7F91A}.Debug|x64.ActiveCfg = Debug|Any CPU
		{33053529-2E90-4885-8E0B-D472F7A7F91A}.Debug|x64.Build.0 = Debug|Any CPU
		{33053529-2E90-4885-8E0B-D472F7A7F91A}.Debug|x86.ActiveCfg = Debug|Any CPU
		{33053529-2E90-4885-8E0B-D472F7A7F91A}.Debug|x86.Build.0 = Debug|Any CPU
		{33053529-2E90-4885-8E0B-D472F7A7F91A}.Release|Any CPU.ActiveCfg = Release|Any CPU
		{33053529-2E90-4885-8E0B-D472F7A7F91A}.Release|Any CPU.Build.0 = Release|Any CPU
		{33053529-2E90-4885-8E0B-D472F7A7F91A}.Release|ARM.ActiveCfg = Release|Any CPU
		{33053529-2E90-4885-8E0B-D472F7A7F91A}.Release|ARM.Build.0 = Release|Any CPU
		{33053529-2E90-4885-8E0B-D472F7A7F91A}.Release|ARM64.ActiveCfg = Release|Any CPU
		{33053529-2E90-4885-8E0B-D472F7A7F91A}.Release|ARM64.Build.0 = Release|Any CPU
		{33053529-2E90-4885-8E0B-D472F7A7F91A}.Release|x64.ActiveCfg = Release|Any CPU
		{33053529-2E90-4885-8E0B-D472F7A7F91A}.Release|x64.Build.0 = Release|Any CPU
		{33053529-2E90-4885-8E0B-D472F7A7F91A}.Release|x86.ActiveCfg = Release|Any CPU
		{33053529-2E90-4885-8E0B-D472F7A7F91A}.Release|x86.Build.0 = Release|Any CPU
		{5BB673CE-BF76-4255-A38D-3F97C341E2C8}.Debug|Any CPU.ActiveCfg = Debug|Any CPU
		{5BB673CE-BF76-4255-A38D-3F97C341E2C8}.Debug|Any CPU.Build.0 = Debug|Any CPU
		{5BB673CE-BF76-4255-A38D-3F97C341E2C8}.Debug|ARM.ActiveCfg = Debug|Any CPU
		{5BB673CE-BF76-4255-A38D-3F97C341E2C8}.Debug|ARM.Build.0 = Debug|Any CPU
		{5BB673CE-BF76-4255-A38D-3F97C341E2C8}.Debug|ARM64.ActiveCfg = Debug|Any CPU
		{5BB673CE-BF76-4255-A38D-3F97C341E2C8}.Debug|ARM64.Build.0 = Debug|Any CPU
		{5BB673CE-BF76-4255-A38D-3F97C341E2C8}.Debug|x64.ActiveCfg = Debug|Any CPU
		{5BB673CE-BF76-4255-A38D-3F97C341E2C8}.Debug|x64.Build.0 = Debug|Any CPU
		{5BB673CE-BF76-4255-A38D-3F97C341E2C8}.Debug|x86.ActiveCfg = Debug|Any CPU
		{5BB673CE-BF76-4255-A38D-3F97C341E2C8}.Debug|x86.Build.0 = Debug|Any CPU
		{5BB673CE-BF76-4255-A38D-3F97C341E2C8}.Release|Any CPU.ActiveCfg = Release|Any CPU
		{5BB673CE-BF76-4255-A38D-3F97C341E2C8}.Release|Any CPU.Build.0 = Release|Any CPU
		{5BB673CE-BF76-4255-A38D-3F97C341E2C8}.Release|ARM.ActiveCfg = Release|Any CPU
		{5BB673CE-BF76-4255-A38D-3F97C341E2C8}.Release|ARM.Build.0 = Release|Any CPU
		{5BB673CE-BF76-4255-A38D-3F97C341E2C8}.Release|ARM64.ActiveCfg = Release|Any CPU
		{5BB673CE-BF76-4255-A38D-3F97C341E2C8}.Release|ARM64.Build.0 = Release|Any CPU
		{5BB673CE-BF76-4255-A38D-3F97C341E2C8}.Release|x64.ActiveCfg = Release|Any CPU
		{5BB673CE-BF76-4255-A38D-3F97C341E2C8}.Release|x64.Build.0 = Release|Any CPU
		{5BB673CE-BF76-4255-A38D-3F97C341E2C8}.Release|x86.ActiveCfg = Release|Any CPU
		{5BB673CE-BF76-4255-A38D-3F97C341E2C8}.Release|x86.Build.0 = Release|Any CPU
		{F2792967-4CCB-41E0-B2BE-DA55A922BA99}.Debug|Any CPU.ActiveCfg = Debug|Any CPU
		{F2792967-4CCB-41E0-B2BE-DA55A922BA99}.Debug|Any CPU.Build.0 = Debug|Any CPU
		{F2792967-4CCB-41E0-B2BE-DA55A922BA99}.Debug|ARM.ActiveCfg = Debug|Any CPU
		{F2792967-4CCB-41E0-B2BE-DA55A922BA99}.Debug|ARM.Build.0 = Debug|Any CPU
		{F2792967-4CCB-41E0-B2BE-DA55A922BA99}.Debug|ARM64.ActiveCfg = Debug|Any CPU
		{F2792967-4CCB-41E0-B2BE-DA55A922BA99}.Debug|ARM64.Build.0 = Debug|Any CPU
		{F2792967-4CCB-41E0-B2BE-DA55A922BA99}.Debug|x64.ActiveCfg = Debug|Any CPU
		{F2792967-4CCB-41E0-B2BE-DA55A922BA99}.Debug|x64.Build.0 = Debug|Any CPU
		{F2792967-4CCB-41E0-B2BE-DA55A922BA99}.Debug|x86.ActiveCfg = Debug|Any CPU
		{F2792967-4CCB-41E0-B2BE-DA55A922BA99}.Debug|x86.Build.0 = Debug|Any CPU
		{F2792967-4CCB-41E0-B2BE-DA55A922BA99}.Release|Any CPU.ActiveCfg = Release|Any CPU
		{F2792967-4CCB-41E0-B2BE-DA55A922BA99}.Release|Any CPU.Build.0 = Release|Any CPU
		{F2792967-4CCB-41E0-B2BE-DA55A922BA99}.Release|ARM.ActiveCfg = Release|Any CPU
		{F2792967-4CCB-41E0-B2BE-DA55A922BA99}.Release|ARM.Build.0 = Release|Any CPU
		{F2792967-4CCB-41E0-B2BE-DA55A922BA99}.Release|ARM64.ActiveCfg = Release|Any CPU
		{F2792967-4CCB-41E0-B2BE-DA55A922BA99}.Release|ARM64.Build.0 = Release|Any CPU
		{F2792967-4CCB-41E0-B2BE-DA55A922BA99}.Release|x64.ActiveCfg = Release|Any CPU
		{F2792967-4CCB-41E0-B2BE-DA55A922BA99}.Release|x64.Build.0 = Release|Any CPU
		{F2792967-4CCB-41E0-B2BE-DA55A922BA99}.Release|x86.ActiveCfg = Release|Any CPU
		{F2792967-4CCB-41E0-B2BE-DA55A922BA99}.Release|x86.Build.0 = Release|Any CPU
		{0F9161A4-CD25-4B44-9903-AB517112800D}.Debug|Any CPU.ActiveCfg = Debug|Any CPU
		{0F9161A4-CD25-4B44-9903-AB517112800D}.Debug|Any CPU.Build.0 = Debug|Any CPU
		{0F9161A4-CD25-4B44-9903-AB517112800D}.Debug|ARM.ActiveCfg = Debug|Any CPU
		{0F9161A4-CD25-4B44-9903-AB517112800D}.Debug|ARM.Build.0 = Debug|Any CPU
		{0F9161A4-CD25-4B44-9903-AB517112800D}.Debug|ARM64.ActiveCfg = Debug|Any CPU
		{0F9161A4-CD25-4B44-9903-AB517112800D}.Debug|ARM64.Build.0 = Debug|Any CPU
		{0F9161A4-CD25-4B44-9903-AB517112800D}.Debug|x64.ActiveCfg = Debug|Any CPU
		{0F9161A4-CD25-4B44-9903-AB517112800D}.Debug|x64.Build.0 = Debug|Any CPU
		{0F9161A4-CD25-4B44-9903-AB517112800D}.Debug|x86.ActiveCfg = Debug|Any CPU
		{0F9161A4-CD25-4B44-9903-AB517112800D}.Debug|x86.Build.0 = Debug|Any CPU
		{0F9161A4-CD25-4B44-9903-AB517112800D}.Release|Any CPU.ActiveCfg = Release|Any CPU
		{0F9161A4-CD25-4B44-9903-AB517112800D}.Release|Any CPU.Build.0 = Release|Any CPU
		{0F9161A4-CD25-4B44-9903-AB517112800D}.Release|ARM.ActiveCfg = Release|Any CPU
		{0F9161A4-CD25-4B44-9903-AB517112800D}.Release|ARM.Build.0 = Release|Any CPU
		{0F9161A4-CD25-4B44-9903-AB517112800D}.Release|ARM64.ActiveCfg = Release|Any CPU
		{0F9161A4-CD25-4B44-9903-AB517112800D}.Release|ARM64.Build.0 = Release|Any CPU
		{0F9161A4-CD25-4B44-9903-AB517112800D}.Release|x64.ActiveCfg = Release|Any CPU
		{0F9161A4-CD25-4B44-9903-AB517112800D}.Release|x64.Build.0 = Release|Any CPU
		{0F9161A4-CD25-4B44-9903-AB517112800D}.Release|x86.ActiveCfg = Release|Any CPU
		{0F9161A4-CD25-4B44-9903-AB517112800D}.Release|x86.Build.0 = Release|Any CPU
		{81FAA60F-0305-40D4-8948-4352FA96AC5D}.Debug|Any CPU.ActiveCfg = Debug|Any CPU
		{81FAA60F-0305-40D4-8948-4352FA96AC5D}.Debug|Any CPU.Build.0 = Debug|Any CPU
		{81FAA60F-0305-40D4-8948-4352FA96AC5D}.Debug|ARM.ActiveCfg = Debug|Any CPU
		{81FAA60F-0305-40D4-8948-4352FA96AC5D}.Debug|ARM.Build.0 = Debug|Any CPU
		{81FAA60F-0305-40D4-8948-4352FA96AC5D}.Debug|ARM64.ActiveCfg = Debug|Any CPU
		{81FAA60F-0305-40D4-8948-4352FA96AC5D}.Debug|ARM64.Build.0 = Debug|Any CPU
		{81FAA60F-0305-40D4-8948-4352FA96AC5D}.Debug|x64.ActiveCfg = Debug|Any CPU
		{81FAA60F-0305-40D4-8948-4352FA96AC5D}.Debug|x64.Build.0 = Debug|Any CPU
		{81FAA60F-0305-40D4-8948-4352FA96AC5D}.Debug|x86.ActiveCfg = Debug|Any CPU
		{81FAA60F-0305-40D4-8948-4352FA96AC5D}.Debug|x86.Build.0 = Debug|Any CPU
		{81FAA60F-0305-40D4-8948-4352FA96AC5D}.Release|Any CPU.ActiveCfg = Release|Any CPU
		{81FAA60F-0305-40D4-8948-4352FA96AC5D}.Release|Any CPU.Build.0 = Release|Any CPU
		{81FAA60F-0305-40D4-8948-4352FA96AC5D}.Release|ARM.ActiveCfg = Release|Any CPU
		{81FAA60F-0305-40D4-8948-4352FA96AC5D}.Release|ARM.Build.0 = Release|Any CPU
		{81FAA60F-0305-40D4-8948-4352FA96AC5D}.Release|ARM64.ActiveCfg = Release|Any CPU
		{81FAA60F-0305-40D4-8948-4352FA96AC5D}.Release|ARM64.Build.0 = Release|Any CPU
		{81FAA60F-0305-40D4-8948-4352FA96AC5D}.Release|x64.ActiveCfg = Release|Any CPU
		{81FAA60F-0305-40D4-8948-4352FA96AC5D}.Release|x64.Build.0 = Release|Any CPU
		{81FAA60F-0305-40D4-8948-4352FA96AC5D}.Release|x86.ActiveCfg = Release|Any CPU
		{81FAA60F-0305-40D4-8948-4352FA96AC5D}.Release|x86.Build.0 = Release|Any CPU
		{BA571CBD-B504-4F4B-93F3-C6467C4B0D05}.Debug|Any CPU.ActiveCfg = Debug|Any CPU
		{BA571CBD-B504-4F4B-93F3-C6467C4B0D05}.Debug|Any CPU.Build.0 = Debug|Any CPU
		{BA571CBD-B504-4F4B-93F3-C6467C4B0D05}.Debug|ARM.ActiveCfg = Debug|Any CPU
		{BA571CBD-B504-4F4B-93F3-C6467C4B0D05}.Debug|ARM.Build.0 = Debug|Any CPU
		{BA571CBD-B504-4F4B-93F3-C6467C4B0D05}.Debug|ARM64.ActiveCfg = Debug|Any CPU
		{BA571CBD-B504-4F4B-93F3-C6467C4B0D05}.Debug|ARM64.Build.0 = Debug|Any CPU
		{BA571CBD-B504-4F4B-93F3-C6467C4B0D05}.Debug|x64.ActiveCfg = Debug|Any CPU
		{BA571CBD-B504-4F4B-93F3-C6467C4B0D05}.Debug|x64.Build.0 = Debug|Any CPU
		{BA571CBD-B504-4F4B-93F3-C6467C4B0D05}.Debug|x86.ActiveCfg = Debug|Any CPU
		{BA571CBD-B504-4F4B-93F3-C6467C4B0D05}.Debug|x86.Build.0 = Debug|Any CPU
		{BA571CBD-B504-4F4B-93F3-C6467C4B0D05}.Release|Any CPU.ActiveCfg = Release|Any CPU
		{BA571CBD-B504-4F4B-93F3-C6467C4B0D05}.Release|Any CPU.Build.0 = Release|Any CPU
		{BA571CBD-B504-4F4B-93F3-C6467C4B0D05}.Release|ARM.ActiveCfg = Release|Any CPU
		{BA571CBD-B504-4F4B-93F3-C6467C4B0D05}.Release|ARM.Build.0 = Release|Any CPU
		{BA571CBD-B504-4F4B-93F3-C6467C4B0D05}.Release|ARM64.ActiveCfg = Release|Any CPU
		{BA571CBD-B504-4F4B-93F3-C6467C4B0D05}.Release|ARM64.Build.0 = Release|Any CPU
		{BA571CBD-B504-4F4B-93F3-C6467C4B0D05}.Release|x64.ActiveCfg = Release|Any CPU
		{BA571CBD-B504-4F4B-93F3-C6467C4B0D05}.Release|x64.Build.0 = Release|Any CPU
		{BA571CBD-B504-4F4B-93F3-C6467C4B0D05}.Release|x86.ActiveCfg = Release|Any CPU
		{BA571CBD-B504-4F4B-93F3-C6467C4B0D05}.Release|x86.Build.0 = Release|Any CPU
		{2791B2CB-4834-481A-9F94-46BE9DC23BA5}.Debug|Any CPU.ActiveCfg = Debug|Any CPU
		{2791B2CB-4834-481A-9F94-46BE9DC23BA5}.Debug|Any CPU.Build.0 = Debug|Any CPU
		{2791B2CB-4834-481A-9F94-46BE9DC23BA5}.Debug|ARM.ActiveCfg = Debug|Any CPU
		{2791B2CB-4834-481A-9F94-46BE9DC23BA5}.Debug|ARM.Build.0 = Debug|Any CPU
		{2791B2CB-4834-481A-9F94-46BE9DC23BA5}.Debug|ARM64.ActiveCfg = Debug|Any CPU
		{2791B2CB-4834-481A-9F94-46BE9DC23BA5}.Debug|ARM64.Build.0 = Debug|Any CPU
		{2791B2CB-4834-481A-9F94-46BE9DC23BA5}.Debug|x64.ActiveCfg = Debug|Any CPU
		{2791B2CB-4834-481A-9F94-46BE9DC23BA5}.Debug|x64.Build.0 = Debug|Any CPU
		{2791B2CB-4834-481A-9F94-46BE9DC23BA5}.Debug|x86.ActiveCfg = Debug|Any CPU
		{2791B2CB-4834-481A-9F94-46BE9DC23BA5}.Debug|x86.Build.0 = Debug|Any CPU
		{2791B2CB-4834-481A-9F94-46BE9DC23BA5}.Release|Any CPU.ActiveCfg = Release|Any CPU
		{2791B2CB-4834-481A-9F94-46BE9DC23BA5}.Release|Any CPU.Build.0 = Release|Any CPU
		{2791B2CB-4834-481A-9F94-46BE9DC23BA5}.Release|ARM.ActiveCfg = Release|Any CPU
		{2791B2CB-4834-481A-9F94-46BE9DC23BA5}.Release|ARM.Build.0 = Release|Any CPU
		{2791B2CB-4834-481A-9F94-46BE9DC23BA5}.Release|ARM64.ActiveCfg = Release|Any CPU
		{2791B2CB-4834-481A-9F94-46BE9DC23BA5}.Release|ARM64.Build.0 = Release|Any CPU
		{2791B2CB-4834-481A-9F94-46BE9DC23BA5}.Release|x64.ActiveCfg = Release|Any CPU
		{2791B2CB-4834-481A-9F94-46BE9DC23BA5}.Release|x64.Build.0 = Release|Any CPU
		{2791B2CB-4834-481A-9F94-46BE9DC23BA5}.Release|x86.ActiveCfg = Release|Any CPU
		{2791B2CB-4834-481A-9F94-46BE9DC23BA5}.Release|x86.Build.0 = Release|Any CPU
		{F8742DCB-2417-4E37-BF28-2F886312E831}.Debug|Any CPU.ActiveCfg = Debug|Any CPU
		{F8742DCB-2417-4E37-BF28-2F886312E831}.Debug|Any CPU.Build.0 = Debug|Any CPU
		{F8742DCB-2417-4E37-BF28-2F886312E831}.Debug|ARM.ActiveCfg = Debug|Any CPU
		{F8742DCB-2417-4E37-BF28-2F886312E831}.Debug|ARM.Build.0 = Debug|Any CPU
		{F8742DCB-2417-4E37-BF28-2F886312E831}.Debug|ARM64.ActiveCfg = Debug|Any CPU
		{F8742DCB-2417-4E37-BF28-2F886312E831}.Debug|ARM64.Build.0 = Debug|Any CPU
		{F8742DCB-2417-4E37-BF28-2F886312E831}.Debug|x64.ActiveCfg = Debug|Any CPU
		{F8742DCB-2417-4E37-BF28-2F886312E831}.Debug|x64.Build.0 = Debug|Any CPU
		{F8742DCB-2417-4E37-BF28-2F886312E831}.Debug|x86.ActiveCfg = Debug|Any CPU
		{F8742DCB-2417-4E37-BF28-2F886312E831}.Debug|x86.Build.0 = Debug|Any CPU
		{F8742DCB-2417-4E37-BF28-2F886312E831}.Release|Any CPU.ActiveCfg = Release|Any CPU
		{F8742DCB-2417-4E37-BF28-2F886312E831}.Release|Any CPU.Build.0 = Release|Any CPU
		{F8742DCB-2417-4E37-BF28-2F886312E831}.Release|ARM.ActiveCfg = Release|Any CPU
		{F8742DCB-2417-4E37-BF28-2F886312E831}.Release|ARM.Build.0 = Release|Any CPU
		{F8742DCB-2417-4E37-BF28-2F886312E831}.Release|ARM64.ActiveCfg = Release|Any CPU
		{F8742DCB-2417-4E37-BF28-2F886312E831}.Release|ARM64.Build.0 = Release|Any CPU
		{F8742DCB-2417-4E37-BF28-2F886312E831}.Release|x64.ActiveCfg = Release|Any CPU
		{F8742DCB-2417-4E37-BF28-2F886312E831}.Release|x64.Build.0 = Release|Any CPU
		{F8742DCB-2417-4E37-BF28-2F886312E831}.Release|x86.ActiveCfg = Release|Any CPU
		{F8742DCB-2417-4E37-BF28-2F886312E831}.Release|x86.Build.0 = Release|Any CPU
		{A3EBF60E-C9C4-4EE9-9664-62BD80B4D4F5}.Debug|Any CPU.ActiveCfg = Debug|Any CPU
		{A3EBF60E-C9C4-4EE9-9664-62BD80B4D4F5}.Debug|Any CPU.Build.0 = Debug|Any CPU
		{A3EBF60E-C9C4-4EE9-9664-62BD80B4D4F5}.Debug|ARM.ActiveCfg = Debug|Any CPU
		{A3EBF60E-C9C4-4EE9-9664-62BD80B4D4F5}.Debug|ARM.Build.0 = Debug|Any CPU
		{A3EBF60E-C9C4-4EE9-9664-62BD80B4D4F5}.Debug|ARM64.ActiveCfg = Debug|Any CPU
		{A3EBF60E-C9C4-4EE9-9664-62BD80B4D4F5}.Debug|ARM64.Build.0 = Debug|Any CPU
		{A3EBF60E-C9C4-4EE9-9664-62BD80B4D4F5}.Debug|x64.ActiveCfg = Debug|Any CPU
		{A3EBF60E-C9C4-4EE9-9664-62BD80B4D4F5}.Debug|x64.Build.0 = Debug|Any CPU
		{A3EBF60E-C9C4-4EE9-9664-62BD80B4D4F5}.Debug|x86.ActiveCfg = Debug|Any CPU
		{A3EBF60E-C9C4-4EE9-9664-62BD80B4D4F5}.Debug|x86.Build.0 = Debug|Any CPU
		{A3EBF60E-C9C4-4EE9-9664-62BD80B4D4F5}.Release|Any CPU.ActiveCfg = Release|Any CPU
		{A3EBF60E-C9C4-4EE9-9664-62BD80B4D4F5}.Release|Any CPU.Build.0 = Release|Any CPU
		{A3EBF60E-C9C4-4EE9-9664-62BD80B4D4F5}.Release|ARM.ActiveCfg = Release|Any CPU
		{A3EBF60E-C9C4-4EE9-9664-62BD80B4D4F5}.Release|ARM.Build.0 = Release|Any CPU
		{A3EBF60E-C9C4-4EE9-9664-62BD80B4D4F5}.Release|ARM64.ActiveCfg = Release|Any CPU
		{A3EBF60E-C9C4-4EE9-9664-62BD80B4D4F5}.Release|ARM64.Build.0 = Release|Any CPU
		{A3EBF60E-C9C4-4EE9-9664-62BD80B4D4F5}.Release|x64.ActiveCfg = Release|Any CPU
		{A3EBF60E-C9C4-4EE9-9664-62BD80B4D4F5}.Release|x64.Build.0 = Release|Any CPU
		{A3EBF60E-C9C4-4EE9-9664-62BD80B4D4F5}.Release|x86.ActiveCfg = Release|Any CPU
		{A3EBF60E-C9C4-4EE9-9664-62BD80B4D4F5}.Release|x86.Build.0 = Release|Any CPU
		{CD270B1C-7AC8-46C1-89C3-65A298B7E023}.Debug|Any CPU.ActiveCfg = Debug|Any CPU
		{CD270B1C-7AC8-46C1-89C3-65A298B7E023}.Debug|Any CPU.Build.0 = Debug|Any CPU
		{CD270B1C-7AC8-46C1-89C3-65A298B7E023}.Debug|ARM.ActiveCfg = Debug|Any CPU
		{CD270B1C-7AC8-46C1-89C3-65A298B7E023}.Debug|ARM.Build.0 = Debug|Any CPU
		{CD270B1C-7AC8-46C1-89C3-65A298B7E023}.Debug|ARM64.ActiveCfg = Debug|Any CPU
		{CD270B1C-7AC8-46C1-89C3-65A298B7E023}.Debug|ARM64.Build.0 = Debug|Any CPU
		{CD270B1C-7AC8-46C1-89C3-65A298B7E023}.Debug|x64.ActiveCfg = Debug|Any CPU
		{CD270B1C-7AC8-46C1-89C3-65A298B7E023}.Debug|x64.Build.0 = Debug|Any CPU
		{CD270B1C-7AC8-46C1-89C3-65A298B7E023}.Debug|x86.ActiveCfg = Debug|Any CPU
		{CD270B1C-7AC8-46C1-89C3-65A298B7E023}.Debug|x86.Build.0 = Debug|Any CPU
		{CD270B1C-7AC8-46C1-89C3-65A298B7E023}.Release|Any CPU.ActiveCfg = Release|Any CPU
		{CD270B1C-7AC8-46C1-89C3-65A298B7E023}.Release|Any CPU.Build.0 = Release|Any CPU
		{CD270B1C-7AC8-46C1-89C3-65A298B7E023}.Release|ARM.ActiveCfg = Release|Any CPU
		{CD270B1C-7AC8-46C1-89C3-65A298B7E023}.Release|ARM.Build.0 = Release|Any CPU
		{CD270B1C-7AC8-46C1-89C3-65A298B7E023}.Release|ARM64.ActiveCfg = Release|Any CPU
		{CD270B1C-7AC8-46C1-89C3-65A298B7E023}.Release|ARM64.Build.0 = Release|Any CPU
		{CD270B1C-7AC8-46C1-89C3-65A298B7E023}.Release|x64.ActiveCfg = Release|Any CPU
		{CD270B1C-7AC8-46C1-89C3-65A298B7E023}.Release|x64.Build.0 = Release|Any CPU
		{CD270B1C-7AC8-46C1-89C3-65A298B7E023}.Release|x86.ActiveCfg = Release|Any CPU
		{CD270B1C-7AC8-46C1-89C3-65A298B7E023}.Release|x86.Build.0 = Release|Any CPU
		{ED1C82D4-D03C-4301-9630-9605069AF53F}.Debug|Any CPU.ActiveCfg = Debug|Any CPU
		{ED1C82D4-D03C-4301-9630-9605069AF53F}.Debug|Any CPU.Build.0 = Debug|Any CPU
		{ED1C82D4-D03C-4301-9630-9605069AF53F}.Debug|ARM.ActiveCfg = Debug|Any CPU
		{ED1C82D4-D03C-4301-9630-9605069AF53F}.Debug|ARM.Build.0 = Debug|Any CPU
		{ED1C82D4-D03C-4301-9630-9605069AF53F}.Debug|ARM64.ActiveCfg = Debug|Any CPU
		{ED1C82D4-D03C-4301-9630-9605069AF53F}.Debug|ARM64.Build.0 = Debug|Any CPU
		{ED1C82D4-D03C-4301-9630-9605069AF53F}.Debug|x64.ActiveCfg = Debug|Any CPU
		{ED1C82D4-D03C-4301-9630-9605069AF53F}.Debug|x64.Build.0 = Debug|Any CPU
		{ED1C82D4-D03C-4301-9630-9605069AF53F}.Debug|x86.ActiveCfg = Debug|Any CPU
		{ED1C82D4-D03C-4301-9630-9605069AF53F}.Debug|x86.Build.0 = Debug|Any CPU
		{ED1C82D4-D03C-4301-9630-9605069AF53F}.Release|Any CPU.ActiveCfg = Release|Any CPU
		{ED1C82D4-D03C-4301-9630-9605069AF53F}.Release|Any CPU.Build.0 = Release|Any CPU
		{ED1C82D4-D03C-4301-9630-9605069AF53F}.Release|ARM.ActiveCfg = Release|Any CPU
		{ED1C82D4-D03C-4301-9630-9605069AF53F}.Release|ARM.Build.0 = Release|Any CPU
		{ED1C82D4-D03C-4301-9630-9605069AF53F}.Release|ARM64.ActiveCfg = Release|Any CPU
		{ED1C82D4-D03C-4301-9630-9605069AF53F}.Release|ARM64.Build.0 = Release|Any CPU
		{ED1C82D4-D03C-4301-9630-9605069AF53F}.Release|x64.ActiveCfg = Release|Any CPU
		{ED1C82D4-D03C-4301-9630-9605069AF53F}.Release|x64.Build.0 = Release|Any CPU
		{ED1C82D4-D03C-4301-9630-9605069AF53F}.Release|x86.ActiveCfg = Release|Any CPU
		{ED1C82D4-D03C-4301-9630-9605069AF53F}.Release|x86.Build.0 = Release|Any CPU
		{CA6B2532-8A78-4194-85DE-F82AEF6543E0}.Debug|Any CPU.ActiveCfg = Debug|Any CPU
		{CA6B2532-8A78-4194-85DE-F82AEF6543E0}.Debug|Any CPU.Build.0 = Debug|Any CPU
		{CA6B2532-8A78-4194-85DE-F82AEF6543E0}.Debug|ARM.ActiveCfg = Debug|Any CPU
		{CA6B2532-8A78-4194-85DE-F82AEF6543E0}.Debug|ARM.Build.0 = Debug|Any CPU
		{CA6B2532-8A78-4194-85DE-F82AEF6543E0}.Debug|ARM64.ActiveCfg = Debug|Any CPU
		{CA6B2532-8A78-4194-85DE-F82AEF6543E0}.Debug|ARM64.Build.0 = Debug|Any CPU
		{CA6B2532-8A78-4194-85DE-F82AEF6543E0}.Debug|x64.ActiveCfg = Debug|Any CPU
		{CA6B2532-8A78-4194-85DE-F82AEF6543E0}.Debug|x64.Build.0 = Debug|Any CPU
		{CA6B2532-8A78-4194-85DE-F82AEF6543E0}.Debug|x86.ActiveCfg = Debug|Any CPU
		{CA6B2532-8A78-4194-85DE-F82AEF6543E0}.Debug|x86.Build.0 = Debug|Any CPU
		{CA6B2532-8A78-4194-85DE-F82AEF6543E0}.Release|Any CPU.ActiveCfg = Release|Any CPU
		{CA6B2532-8A78-4194-85DE-F82AEF6543E0}.Release|Any CPU.Build.0 = Release|Any CPU
		{CA6B2532-8A78-4194-85DE-F82AEF6543E0}.Release|ARM.ActiveCfg = Release|Any CPU
		{CA6B2532-8A78-4194-85DE-F82AEF6543E0}.Release|ARM.Build.0 = Release|Any CPU
		{CA6B2532-8A78-4194-85DE-F82AEF6543E0}.Release|ARM64.ActiveCfg = Release|Any CPU
		{CA6B2532-8A78-4194-85DE-F82AEF6543E0}.Release|ARM64.Build.0 = Release|Any CPU
		{CA6B2532-8A78-4194-85DE-F82AEF6543E0}.Release|x64.ActiveCfg = Release|Any CPU
		{CA6B2532-8A78-4194-85DE-F82AEF6543E0}.Release|x64.Build.0 = Release|Any CPU
		{CA6B2532-8A78-4194-85DE-F82AEF6543E0}.Release|x86.ActiveCfg = Release|Any CPU
		{CA6B2532-8A78-4194-85DE-F82AEF6543E0}.Release|x86.Build.0 = Release|Any CPU
		{F3EFCF66-BE48-4A06-A8D6-9D727C3A679F}.Debug|Any CPU.ActiveCfg = Debug|Any CPU
		{F3EFCF66-BE48-4A06-A8D6-9D727C3A679F}.Debug|Any CPU.Build.0 = Debug|Any CPU
		{F3EFCF66-BE48-4A06-A8D6-9D727C3A679F}.Debug|ARM.ActiveCfg = Debug|Any CPU
		{F3EFCF66-BE48-4A06-A8D6-9D727C3A679F}.Debug|ARM.Build.0 = Debug|Any CPU
		{F3EFCF66-BE48-4A06-A8D6-9D727C3A679F}.Debug|ARM64.ActiveCfg = Debug|Any CPU
		{F3EFCF66-BE48-4A06-A8D6-9D727C3A679F}.Debug|ARM64.Build.0 = Debug|Any CPU
		{F3EFCF66-BE48-4A06-A8D6-9D727C3A679F}.Debug|x64.ActiveCfg = Debug|Any CPU
		{F3EFCF66-BE48-4A06-A8D6-9D727C3A679F}.Debug|x64.Build.0 = Debug|Any CPU
		{F3EFCF66-BE48-4A06-A8D6-9D727C3A679F}.Debug|x86.ActiveCfg = Debug|Any CPU
		{F3EFCF66-BE48-4A06-A8D6-9D727C3A679F}.Debug|x86.Build.0 = Debug|Any CPU
		{F3EFCF66-BE48-4A06-A8D6-9D727C3A679F}.Release|Any CPU.ActiveCfg = Release|Any CPU
		{F3EFCF66-BE48-4A06-A8D6-9D727C3A679F}.Release|Any CPU.Build.0 = Release|Any CPU
		{F3EFCF66-BE48-4A06-A8D6-9D727C3A679F}.Release|ARM.ActiveCfg = Release|Any CPU
		{F3EFCF66-BE48-4A06-A8D6-9D727C3A679F}.Release|ARM.Build.0 = Release|Any CPU
		{F3EFCF66-BE48-4A06-A8D6-9D727C3A679F}.Release|ARM64.ActiveCfg = Release|Any CPU
		{F3EFCF66-BE48-4A06-A8D6-9D727C3A679F}.Release|ARM64.Build.0 = Release|Any CPU
		{F3EFCF66-BE48-4A06-A8D6-9D727C3A679F}.Release|x64.ActiveCfg = Release|Any CPU
		{F3EFCF66-BE48-4A06-A8D6-9D727C3A679F}.Release|x64.Build.0 = Release|Any CPU
		{F3EFCF66-BE48-4A06-A8D6-9D727C3A679F}.Release|x86.ActiveCfg = Release|Any CPU
		{F3EFCF66-BE48-4A06-A8D6-9D727C3A679F}.Release|x86.Build.0 = Release|Any CPU
		{B2B1A4B6-3B90-4CFE-9EB4-E3EE664960AF}.Debug|Any CPU.ActiveCfg = Debug|x86
		{B2B1A4B6-3B90-4CFE-9EB4-E3EE664960AF}.Debug|ARM.ActiveCfg = Debug|ARM
		{B2B1A4B6-3B90-4CFE-9EB4-E3EE664960AF}.Debug|ARM.Build.0 = Debug|ARM
		{B2B1A4B6-3B90-4CFE-9EB4-E3EE664960AF}.Debug|ARM.Deploy.0 = Debug|ARM
		{B2B1A4B6-3B90-4CFE-9EB4-E3EE664960AF}.Debug|ARM64.ActiveCfg = Debug|ARM64
		{B2B1A4B6-3B90-4CFE-9EB4-E3EE664960AF}.Debug|ARM64.Build.0 = Debug|ARM64
		{B2B1A4B6-3B90-4CFE-9EB4-E3EE664960AF}.Debug|ARM64.Deploy.0 = Debug|ARM64
		{B2B1A4B6-3B90-4CFE-9EB4-E3EE664960AF}.Debug|x64.ActiveCfg = Debug|x64
		{B2B1A4B6-3B90-4CFE-9EB4-E3EE664960AF}.Debug|x64.Build.0 = Debug|x64
		{B2B1A4B6-3B90-4CFE-9EB4-E3EE664960AF}.Debug|x64.Deploy.0 = Debug|x64
		{B2B1A4B6-3B90-4CFE-9EB4-E3EE664960AF}.Debug|x86.ActiveCfg = Debug|x86
		{B2B1A4B6-3B90-4CFE-9EB4-E3EE664960AF}.Debug|x86.Build.0 = Debug|x86
		{B2B1A4B6-3B90-4CFE-9EB4-E3EE664960AF}.Debug|x86.Deploy.0 = Debug|x86
		{B2B1A4B6-3B90-4CFE-9EB4-E3EE664960AF}.Release|Any CPU.ActiveCfg = Release|x86
		{B2B1A4B6-3B90-4CFE-9EB4-E3EE664960AF}.Release|ARM.ActiveCfg = Release|ARM
		{B2B1A4B6-3B90-4CFE-9EB4-E3EE664960AF}.Release|ARM.Build.0 = Release|ARM
		{B2B1A4B6-3B90-4CFE-9EB4-E3EE664960AF}.Release|ARM.Deploy.0 = Release|ARM
		{B2B1A4B6-3B90-4CFE-9EB4-E3EE664960AF}.Release|ARM64.ActiveCfg = Release|ARM64
		{B2B1A4B6-3B90-4CFE-9EB4-E3EE664960AF}.Release|ARM64.Build.0 = Release|ARM64
		{B2B1A4B6-3B90-4CFE-9EB4-E3EE664960AF}.Release|ARM64.Deploy.0 = Release|ARM64
		{B2B1A4B6-3B90-4CFE-9EB4-E3EE664960AF}.Release|x64.ActiveCfg = Release|x64
		{B2B1A4B6-3B90-4CFE-9EB4-E3EE664960AF}.Release|x64.Build.0 = Release|x64
		{B2B1A4B6-3B90-4CFE-9EB4-E3EE664960AF}.Release|x64.Deploy.0 = Release|x64
		{B2B1A4B6-3B90-4CFE-9EB4-E3EE664960AF}.Release|x86.ActiveCfg = Release|x86
		{B2B1A4B6-3B90-4CFE-9EB4-E3EE664960AF}.Release|x86.Build.0 = Release|x86
		{B2B1A4B6-3B90-4CFE-9EB4-E3EE664960AF}.Release|x86.Deploy.0 = Release|x86
		{AB5E6E31-14F9-4564-BF71-41E749020762}.Debug|Any CPU.ActiveCfg = Debug|Any CPU
		{AB5E6E31-14F9-4564-BF71-41E749020762}.Debug|Any CPU.Build.0 = Debug|Any CPU
		{AB5E6E31-14F9-4564-BF71-41E749020762}.Debug|ARM.ActiveCfg = Debug|Any CPU
		{AB5E6E31-14F9-4564-BF71-41E749020762}.Debug|ARM.Build.0 = Debug|Any CPU
		{AB5E6E31-14F9-4564-BF71-41E749020762}.Debug|ARM64.ActiveCfg = Debug|Any CPU
		{AB5E6E31-14F9-4564-BF71-41E749020762}.Debug|ARM64.Build.0 = Debug|Any CPU
		{AB5E6E31-14F9-4564-BF71-41E749020762}.Debug|x64.ActiveCfg = Debug|Any CPU
		{AB5E6E31-14F9-4564-BF71-41E749020762}.Debug|x64.Build.0 = Debug|Any CPU
		{AB5E6E31-14F9-4564-BF71-41E749020762}.Debug|x86.ActiveCfg = Debug|Any CPU
		{AB5E6E31-14F9-4564-BF71-41E749020762}.Debug|x86.Build.0 = Debug|Any CPU
		{AB5E6E31-14F9-4564-BF71-41E749020762}.Release|Any CPU.ActiveCfg = Release|Any CPU
		{AB5E6E31-14F9-4564-BF71-41E749020762}.Release|Any CPU.Build.0 = Release|Any CPU
		{AB5E6E31-14F9-4564-BF71-41E749020762}.Release|ARM.ActiveCfg = Release|Any CPU
		{AB5E6E31-14F9-4564-BF71-41E749020762}.Release|ARM.Build.0 = Release|Any CPU
		{AB5E6E31-14F9-4564-BF71-41E749020762}.Release|ARM64.ActiveCfg = Release|Any CPU
		{AB5E6E31-14F9-4564-BF71-41E749020762}.Release|ARM64.Build.0 = Release|Any CPU
		{AB5E6E31-14F9-4564-BF71-41E749020762}.Release|x64.ActiveCfg = Release|Any CPU
		{AB5E6E31-14F9-4564-BF71-41E749020762}.Release|x64.Build.0 = Release|Any CPU
		{AB5E6E31-14F9-4564-BF71-41E749020762}.Release|x86.ActiveCfg = Release|Any CPU
		{AB5E6E31-14F9-4564-BF71-41E749020762}.Release|x86.Build.0 = Release|Any CPU
		{36DC7E4F-5FEE-42BE-BE78-BCA5E7A6CBEF}.Debug|Any CPU.ActiveCfg = Debug|Any CPU
		{36DC7E4F-5FEE-42BE-BE78-BCA5E7A6CBEF}.Debug|Any CPU.Build.0 = Debug|Any CPU
		{36DC7E4F-5FEE-42BE-BE78-BCA5E7A6CBEF}.Debug|ARM.ActiveCfg = Debug|Any CPU
		{36DC7E4F-5FEE-42BE-BE78-BCA5E7A6CBEF}.Debug|ARM.Build.0 = Debug|Any CPU
		{36DC7E4F-5FEE-42BE-BE78-BCA5E7A6CBEF}.Debug|ARM64.ActiveCfg = Debug|Any CPU
		{36DC7E4F-5FEE-42BE-BE78-BCA5E7A6CBEF}.Debug|ARM64.Build.0 = Debug|Any CPU
		{36DC7E4F-5FEE-42BE-BE78-BCA5E7A6CBEF}.Debug|x64.ActiveCfg = Debug|Any CPU
		{36DC7E4F-5FEE-42BE-BE78-BCA5E7A6CBEF}.Debug|x64.Build.0 = Debug|Any CPU
		{36DC7E4F-5FEE-42BE-BE78-BCA5E7A6CBEF}.Debug|x86.ActiveCfg = Debug|Any CPU
		{36DC7E4F-5FEE-42BE-BE78-BCA5E7A6CBEF}.Debug|x86.Build.0 = Debug|Any CPU
		{36DC7E4F-5FEE-42BE-BE78-BCA5E7A6CBEF}.Release|Any CPU.ActiveCfg = Release|Any CPU
		{36DC7E4F-5FEE-42BE-BE78-BCA5E7A6CBEF}.Release|Any CPU.Build.0 = Release|Any CPU
		{36DC7E4F-5FEE-42BE-BE78-BCA5E7A6CBEF}.Release|ARM.ActiveCfg = Release|Any CPU
		{36DC7E4F-5FEE-42BE-BE78-BCA5E7A6CBEF}.Release|ARM.Build.0 = Release|Any CPU
		{36DC7E4F-5FEE-42BE-BE78-BCA5E7A6CBEF}.Release|ARM64.ActiveCfg = Release|Any CPU
		{36DC7E4F-5FEE-42BE-BE78-BCA5E7A6CBEF}.Release|ARM64.Build.0 = Release|Any CPU
		{36DC7E4F-5FEE-42BE-BE78-BCA5E7A6CBEF}.Release|x64.ActiveCfg = Release|Any CPU
		{36DC7E4F-5FEE-42BE-BE78-BCA5E7A6CBEF}.Release|x64.Build.0 = Release|Any CPU
		{36DC7E4F-5FEE-42BE-BE78-BCA5E7A6CBEF}.Release|x86.ActiveCfg = Release|Any CPU
		{36DC7E4F-5FEE-42BE-BE78-BCA5E7A6CBEF}.Release|x86.Build.0 = Release|Any CPU
		{5E9503EE-A1B6-43E6-ADED-74BDE3881724}.Debug|Any CPU.ActiveCfg = Debug|Any CPU
		{5E9503EE-A1B6-43E6-ADED-74BDE3881724}.Debug|Any CPU.Build.0 = Debug|Any CPU
		{5E9503EE-A1B6-43E6-ADED-74BDE3881724}.Debug|ARM.ActiveCfg = Debug|Any CPU
		{5E9503EE-A1B6-43E6-ADED-74BDE3881724}.Debug|ARM.Build.0 = Debug|Any CPU
		{5E9503EE-A1B6-43E6-ADED-74BDE3881724}.Debug|ARM64.ActiveCfg = Debug|Any CPU
		{5E9503EE-A1B6-43E6-ADED-74BDE3881724}.Debug|ARM64.Build.0 = Debug|Any CPU
		{5E9503EE-A1B6-43E6-ADED-74BDE3881724}.Debug|x64.ActiveCfg = Debug|Any CPU
		{5E9503EE-A1B6-43E6-ADED-74BDE3881724}.Debug|x64.Build.0 = Debug|Any CPU
		{5E9503EE-A1B6-43E6-ADED-74BDE3881724}.Debug|x86.ActiveCfg = Debug|Any CPU
		{5E9503EE-A1B6-43E6-ADED-74BDE3881724}.Debug|x86.Build.0 = Debug|Any CPU
		{5E9503EE-A1B6-43E6-ADED-74BDE3881724}.Release|Any CPU.ActiveCfg = Release|Any CPU
		{5E9503EE-A1B6-43E6-ADED-74BDE3881724}.Release|Any CPU.Build.0 = Release|Any CPU
		{5E9503EE-A1B6-43E6-ADED-74BDE3881724}.Release|ARM.ActiveCfg = Release|Any CPU
		{5E9503EE-A1B6-43E6-ADED-74BDE3881724}.Release|ARM.Build.0 = Release|Any CPU
		{5E9503EE-A1B6-43E6-ADED-74BDE3881724}.Release|ARM64.ActiveCfg = Release|Any CPU
		{5E9503EE-A1B6-43E6-ADED-74BDE3881724}.Release|ARM64.Build.0 = Release|Any CPU
		{5E9503EE-A1B6-43E6-ADED-74BDE3881724}.Release|x64.ActiveCfg = Release|Any CPU
		{5E9503EE-A1B6-43E6-ADED-74BDE3881724}.Release|x64.Build.0 = Release|Any CPU
		{5E9503EE-A1B6-43E6-ADED-74BDE3881724}.Release|x86.ActiveCfg = Release|Any CPU
		{5E9503EE-A1B6-43E6-ADED-74BDE3881724}.Release|x86.Build.0 = Release|Any CPU
		{D905B88E-2A0F-4AA4-A3C2-7CA3B7D7B69D}.Debug|Any CPU.ActiveCfg = Debug|Any CPU
		{D905B88E-2A0F-4AA4-A3C2-7CA3B7D7B69D}.Debug|Any CPU.Build.0 = Debug|Any CPU
		{D905B88E-2A0F-4AA4-A3C2-7CA3B7D7B69D}.Debug|ARM.ActiveCfg = Debug|Any CPU
		{D905B88E-2A0F-4AA4-A3C2-7CA3B7D7B69D}.Debug|ARM.Build.0 = Debug|Any CPU
		{D905B88E-2A0F-4AA4-A3C2-7CA3B7D7B69D}.Debug|ARM64.ActiveCfg = Debug|Any CPU
		{D905B88E-2A0F-4AA4-A3C2-7CA3B7D7B69D}.Debug|ARM64.Build.0 = Debug|Any CPU
		{D905B88E-2A0F-4AA4-A3C2-7CA3B7D7B69D}.Debug|x64.ActiveCfg = Debug|Any CPU
		{D905B88E-2A0F-4AA4-A3C2-7CA3B7D7B69D}.Debug|x64.Build.0 = Debug|Any CPU
		{D905B88E-2A0F-4AA4-A3C2-7CA3B7D7B69D}.Debug|x86.ActiveCfg = Debug|Any CPU
		{D905B88E-2A0F-4AA4-A3C2-7CA3B7D7B69D}.Debug|x86.Build.0 = Debug|Any CPU
		{D905B88E-2A0F-4AA4-A3C2-7CA3B7D7B69D}.Release|Any CPU.ActiveCfg = Release|Any CPU
		{D905B88E-2A0F-4AA4-A3C2-7CA3B7D7B69D}.Release|Any CPU.Build.0 = Release|Any CPU
		{D905B88E-2A0F-4AA4-A3C2-7CA3B7D7B69D}.Release|ARM.ActiveCfg = Release|Any CPU
		{D905B88E-2A0F-4AA4-A3C2-7CA3B7D7B69D}.Release|ARM.Build.0 = Release|Any CPU
		{D905B88E-2A0F-4AA4-A3C2-7CA3B7D7B69D}.Release|ARM64.ActiveCfg = Release|Any CPU
		{D905B88E-2A0F-4AA4-A3C2-7CA3B7D7B69D}.Release|ARM64.Build.0 = Release|Any CPU
		{D905B88E-2A0F-4AA4-A3C2-7CA3B7D7B69D}.Release|x64.ActiveCfg = Release|Any CPU
		{D905B88E-2A0F-4AA4-A3C2-7CA3B7D7B69D}.Release|x64.Build.0 = Release|Any CPU
		{D905B88E-2A0F-4AA4-A3C2-7CA3B7D7B69D}.Release|x86.ActiveCfg = Release|Any CPU
		{D905B88E-2A0F-4AA4-A3C2-7CA3B7D7B69D}.Release|x86.Build.0 = Release|Any CPU
		{479AEEB0-870F-4033-B55A-EEC4D0DCFD55}.Debug|Any CPU.ActiveCfg = Debug|Any CPU
		{479AEEB0-870F-4033-B55A-EEC4D0DCFD55}.Debug|Any CPU.Build.0 = Debug|Any CPU
		{479AEEB0-870F-4033-B55A-EEC4D0DCFD55}.Debug|ARM.ActiveCfg = Debug|Any CPU
		{479AEEB0-870F-4033-B55A-EEC4D0DCFD55}.Debug|ARM.Build.0 = Debug|Any CPU
		{479AEEB0-870F-4033-B55A-EEC4D0DCFD55}.Debug|ARM64.ActiveCfg = Debug|Any CPU
		{479AEEB0-870F-4033-B55A-EEC4D0DCFD55}.Debug|ARM64.Build.0 = Debug|Any CPU
		{479AEEB0-870F-4033-B55A-EEC4D0DCFD55}.Debug|x64.ActiveCfg = Debug|Any CPU
		{479AEEB0-870F-4033-B55A-EEC4D0DCFD55}.Debug|x64.Build.0 = Debug|Any CPU
		{479AEEB0-870F-4033-B55A-EEC4D0DCFD55}.Debug|x86.ActiveCfg = Debug|Any CPU
		{479AEEB0-870F-4033-B55A-EEC4D0DCFD55}.Debug|x86.Build.0 = Debug|Any CPU
		{479AEEB0-870F-4033-B55A-EEC4D0DCFD55}.Release|Any CPU.ActiveCfg = Release|Any CPU
		{479AEEB0-870F-4033-B55A-EEC4D0DCFD55}.Release|Any CPU.Build.0 = Release|Any CPU
		{479AEEB0-870F-4033-B55A-EEC4D0DCFD55}.Release|ARM.ActiveCfg = Release|Any CPU
		{479AEEB0-870F-4033-B55A-EEC4D0DCFD55}.Release|ARM.Build.0 = Release|Any CPU
		{479AEEB0-870F-4033-B55A-EEC4D0DCFD55}.Release|ARM64.ActiveCfg = Release|Any CPU
		{479AEEB0-870F-4033-B55A-EEC4D0DCFD55}.Release|ARM64.Build.0 = Release|Any CPU
		{479AEEB0-870F-4033-B55A-EEC4D0DCFD55}.Release|x64.ActiveCfg = Release|Any CPU
		{479AEEB0-870F-4033-B55A-EEC4D0DCFD55}.Release|x64.Build.0 = Release|Any CPU
		{479AEEB0-870F-4033-B55A-EEC4D0DCFD55}.Release|x86.ActiveCfg = Release|Any CPU
		{479AEEB0-870F-4033-B55A-EEC4D0DCFD55}.Release|x86.Build.0 = Release|Any CPU
	EndGlobalSection
	GlobalSection(SolutionProperties) = preSolution
		HideSolutionNode = FALSE
	EndGlobalSection
	GlobalSection(ExtensibilityGlobals) = postSolution
		SolutionGuid = {87C22D1F-760A-40ED-80AE-1D8D15091AB5}
	EndGlobalSection
EndGlobal
